github.com/google/uuid v1.3.0 h1:t6JiXgmwXMjEs8VusXIJk2BXHsn+wx8BZdTaoZ5fu7I=
github.com/google/uuid v1.3.0/go.mod h1:TIyPZe4MgqvfeYDBFedMoGGpEw/LqOeaOT+nhxU+yHo=
k8s.io/apimachinery v0.28.0 h1:ScHS2AG16UlYWk63r46oU3D5y54T53cVI5mMJwwqFNA=
k8s.io/apimachinery v0.28.0/go.mod h1:X0xh/chESs2hP9koe+SdIAcXWcQ+RM5hy0ZynB+yEvw=
