golang.org/x/sync v0.2.0 h1:PUR+T4wwASmuSTYdKjYHI5TD22Wy5ogLU5qZCOLxBrI=
golang.org/x/sync v0.2.0/go.mod h1:RxMgew5VJxzue5/jJTE5uejpjVlOe/izrB70Jof72aM=
k8s.io/apimachinery v0.27.2 h1:vBjGaKKieaIreI+oQwELalVG4d8f3YAMNpWLzDXkxeg=
k8s.io/apimachinery v0.27.2/go.mod h1:XNfZ6xklnMCOGGFNqXG7bUrQCoR04dh/E7FprV6pb+E=
